
Microsoft Visual Studio Solution File, Format Version 12.00
# Visual Studio Version 16
VisualStudioVersion = 16.0.31613.86
MinimumVisualStudioVersion = 10.0.40219.1
Project("{9A19103F-16F7-4668-BE54-9A1E7A4F7556}") = "MyList", "MyList\MyList.csproj", "{D9937319-1955-4570-AE31-05C0D59A8AF4}"
EndProject
Global
	GlobalSection(SolutionConfigurationPlatforms) = preSolution
		Debug|Any CPU = Debug|Any CPU
		Release|Any CPU = Release|Any CPU
	EndGlobalSection
	GlobalSection(ProjectConfigurationPlatforms) = postSolution
		{D9937319-1955-4570-AE31-05C0D59A8AF4}.Debug|Any CPU.ActiveCfg = Debug|Any CPU
		{D9937319-1955-4570-AE31-05C0D59A8AF4}.Debug|Any CPU.Build.0 = Debug|Any CPU
		{D9937319-1955-4570-AE31-05C0D59A8AF4}.Release|Any CPU.ActiveCfg = Release|Any CPU
		{D9937319-1955-4570-AE31-05C0D59A8AF4}.Release|Any CPU.Build.0 = Release|Any CPU
	EndGlobalSection
	GlobalSection(SolutionProperties) = preSolution
		HideSolutionNode = FALSE
	EndGlobalSection
	GlobalSection(ExtensibilityGlobals) = postSolution
		SolutionGuid = {AC648BC7-C773-403F-8D37-6A2F90633726}
	EndGlobalSection
EndGlobal
